
Microsoft Visual Studio Solution File, Format Version 12.00
# Visual Studio Version 17
VisualStudioVersion = 17.0.31612.314
MinimumVisualStudioVersion = 10.0.40219.1
Project("{2150E333-8FDC-42A3-9474-1A3956D46DE8}") = "Solution Items", "Solution Items", "{6C9F4200-8CE0-4C82-B883-6C2BB69A1EE2}"
	ProjectSection(SolutionItems) = preProject
		.editorconfig = .editorconfig
		Directory.Build.props = Directory.Build.props
		README.md = README.md
	EndProjectSection
EndProject
Project("{2150E333-8FDC-42A3-9474-1A3956D46DE8}") = "workflows", "workflows", "{1FB655C0-7B00-4DD3-A8C4-6AE2CEEA0FBB}"
	ProjectSection(SolutionItems) = preProject
		.github\workflows\build.yml = .github\workflows\build.yml
		.github\workflows\codeql-analysis.yml = .github\workflows\codeql-analysis.yml
	EndProjectSection
EndProject
Project("{9A19103F-16F7-4668-BE54-9A1E7A4F7556}") = "Mopups", "Mopups\Mopups.Maui\Mopups.csproj", "{38CF95C1-612E-48F4-8CD4-6AED17C86122}"
EndProject
Project("{9A19103F-16F7-4668-BE54-9A1E7A4F7556}") = "Mopups.Sample", "Mopups.Sample\Mopups.Sample.csproj", "{C31533F3-B2C5-4D1E-9918-E3928090A75B}"
EndProject
Global
	GlobalSection(SolutionConfigurationPlatforms) = preSolution
		Debug|Any CPU = Debug|Any CPU
		Release|Any CPU = Release|Any CPU
	EndGlobalSection
	GlobalSection(ProjectConfigurationPlatforms) = postSolution
		{38CF95C1-612E-48F4-8CD4-6AED17C86122}.Debug|Any CPU.ActiveCfg = Debug|Any CPU
		{38CF95C1-612E-48F4-8CD4-6AED17C86122}.Debug|Any CPU.Build.0 = Debug|Any CPU
		{38CF95C1-612E-48F4-8CD4-6AED17C86122}.Release|Any CPU.ActiveCfg = Release|Any CPU
		{38CF95C1-612E-48F4-8CD4-6AED17C86122}.Release|Any CPU.Build.0 = Release|Any CPU
		{C31533F3-B2C5-4D1E-9918-E3928090A75B}.Debug|Any CPU.ActiveCfg = Debug|Any CPU
		{C31533F3-B2C5-4D1E-9918-E3928090A75B}.Debug|Any CPU.Build.0 = Debug|Any CPU
		{C31533F3-B2C5-4D1E-9918-E3928090A75B}.Debug|Any CPU.Deploy.0 = Debug|Any CPU
		{C31533F3-B2C5-4D1E-9918-E3928090A75B}.Release|Any CPU.ActiveCfg = Release|Any CPU
		{C31533F3-B2C5-4D1E-9918-E3928090A75B}.Release|Any CPU.Build.0 = Release|Any CPU
		{C31533F3-B2C5-4D1E-9918-E3928090A75B}.Release|Any CPU.Deploy.0 = Release|Any CPU
	EndGlobalSection
	GlobalSection(SolutionProperties) = preSolution
		HideSolutionNode = FALSE
	EndGlobalSection
	GlobalSection(NestedProjects) = preSolution
		{1FB655C0-7B00-4DD3-A8C4-6AE2CEEA0FBB} = {6C9F4200-8CE0-4C82-B883-6C2BB69A1EE2}
	EndGlobalSection
	GlobalSection(ExtensibilityGlobals) = postSolution
		SolutionGuid = {61F7FB11-1E47-470C-91E2-47F8143E1572}
	EndGlobalSection
EndGlobal
